// !$*UTF8*$!
{
	archiveVersion = 1;
	classes = {
	};
	objectVersion = 48;
	objects = {

/* Begin PBXBuildFile section */
		978064741F28234600AE0ABC /* FourthController.m in Sources */ = {isa = PBXBuildFile; fileRef = 978064721F28234600AE0ABC /* FourthController.m */; };
		97989F761F21920900F81EDD /* AppStoreController.m in Sources */ = {isa = PBXBuildFile; fileRef = 97989F751F21920900F81EDD /* AppStoreController.m */; };
		97989F7F1F21F4CC00F81EDD /* AppStoreFlowLayout.m in Sources */ = {isa = PBXBuildFile; fileRef = 97989F7E1F21F4CC00F81EDD /* AppStoreFlowLayout.m */; };
		97989F821F21FBCA00F81EDD /* AppStoreLayoutAttributes.m in Sources */ = {isa = PBXBuildFile; fileRef = 97989F811F21FBCA00F81EDD /* AppStoreLayoutAttributes.m */; };
		97989F861F259B5800F81EDD /* FirstCell.m in Sources */ = {isa = PBXBuildFile; fileRef = 97989F841F259B5800F81EDD /* FirstCell.m */; };
		97989F871F259B5800F81EDD /* FirstCell.xib in Resources */ = {isa = PBXBuildFile; fileRef = 97989F851F259B5800F81EDD /* FirstCell.xib */; };
		97989F8F1F270C0D00F81EDD /* ViewController.m in Sources */ = {isa = PBXBuildFile; fileRef = 97989F8E1F270C0D00F81EDD /* ViewController.m */; };
		97989F931F272A7200F81EDD /* SecondCell.m in Sources */ = {isa = PBXBuildFile; fileRef = 97989F911F272A7200F81EDD /* SecondCell.m */; };
		97989F941F272A7200F81EDD /* SecondCell.xib in Resources */ = {isa = PBXBuildFile; fileRef = 97989F921F272A7200F81EDD /* SecondCell.xib */; };
		97989F971F27309B00F81EDD /* SecondController.m in Sources */ = {isa = PBXBuildFile; fileRef = 97989F961F27309B00F81EDD /* SecondController.m */; };
		97989F9D1F27382D00F81EDD /* FirstController.m in Sources */ = {isa = PBXBuildFile; fileRef = 97989F9C1F27382D00F81EDD /* FirstController.m */; };
		97989FA01F277B0400F81EDD /* ThirdController.m in Sources */ = {isa = PBXBuildFile; fileRef = 97989F9F1F277B0400F81EDD /* ThirdController.m */; };
		97989FA41F277B3500F81EDD /* ThirdCell.m in Sources */ = {isa = PBXBuildFile; fileRef = 97989FA21F277B3500F81EDD /* ThirdCell.m */; };
		97989FA51F277B3500F81EDD /* ThirdCell.xib in Resources */ = {isa = PBXBuildFile; fileRef = 97989FA31F277B3500F81EDD /* ThirdCell.xib */; };
		97989FA91F277B5900F81EDD /* FourthCell.m in Sources */ = {isa = PBXBuildFile; fileRef = 97989FA71F277B5900F81EDD /* FourthCell.m */; };
		97989FAA1F277B5900F81EDD /* FourthCell.xib in Resources */ = {isa = PBXBuildFile; fileRef = 97989FA81F277B5900F81EDD /* FourthCell.xib */; };
		97EF702D1F2190740099AC93 /* AppDelegate.m in Sources */ = {isa = PBXBuildFile; fileRef = 97EF702C1F2190740099AC93 /* AppDelegate.m */; };
		97EF70361F2190740099AC93 /* Main.storyboard in Resources */ = {isa = PBXBuildFile; fileRef = 97EF70341F2190740099AC93 /* Main.storyboard */; };
		97EF70381F2190740099AC93 /* Assets.xcassets in Resources */ = {isa = PBXBuildFile; fileRef = 97EF70371F2190740099AC93 /* Assets.xcassets */; };
		97EF703B1F2190740099AC93 /* LaunchScreen.storyboard in Resources */ = {isa = PBXBuildFile; fileRef = 97EF70391F2190740099AC93 /* LaunchScreen.storyboard */; };
		97EF703E1F2190740099AC93 /* main.m in Sources */ = {isa = PBXBuildFile; fileRef = 97EF703D1F2190740099AC93 /* main.m */; };
		97EF70481F2190740099AC93 /* LearnCollectionViewTests.m in Sources */ = {isa = PBXBuildFile; fileRef = 97EF70471F2190740099AC93 /* LearnCollectionViewTests.m */; };
		97EF70531F2190740099AC93 /* LearnCollectionViewUITests.m in Sources */ = {isa = PBXBuildFile; fileRef = 97EF70521F2190740099AC93 /* LearnCollectionViewUITests.m */; };
/* End PBXBuildFile section */

/* Begin PBXContainerItemProxy section */
		97EF70441F2190740099AC93 /* PBXContainerItemProxy */ = {
			isa = PBXContainerItemProxy;
			containerPortal = 97EF70201F2190730099AC93 /* Project object */;
			proxyType = 1;
			remoteGlobalIDString = 97EF70271F2190740099AC93;
			remoteInfo = LearnCollectionView;
		};
		97EF704F1F2190740099AC93 /* PBXContainerItemProxy */ = {
			isa = PBXContainerItemProxy;
			containerPortal = 97EF70201F2190730099AC93 /* Project object */;
			proxyType = 1;
			remoteGlobalIDString = 97EF70271F2190740099AC93;
			remoteInfo = LearnCollectionView;
		};
/* End PBXContainerItemProxy section */

/* Begin PBXFileReference section */
		978064711F28234600AE0ABC /* FourthController.h */ = {isa = PBXFileReference; lastKnownFileType = sourcecode.c.h; path = FourthController.h; sourceTree = "<group>"; };
		978064721F28234600AE0ABC /* FourthController.m */ = {isa = PBXFileReference; lastKnownFileType = sourcecode.c.objc; path = FourthController.m; sourceTree = "<group>"; };
		97989F741F21920900F81EDD /* AppStoreController.h */ = {isa = PBXFileReference; lastKnownFileType = sourcecode.c.h; path = AppStoreController.h; sourceTree = "<group>"; };
		97989F751F21920900F81EDD /* AppStoreController.m */ = {isa = PBXFileReference; lastKnownFileType = sourcecode.c.objc; path = AppStoreController.m; sourceTree = "<group>"; };
		97989F7D1F21F4CC00F81EDD /* AppStoreFlowLayout.h */ = {isa = PBXFileReference; lastKnownFileType = sourcecode.c.h; path = AppStoreFlowLayout.h; sourceTree = "<group>"; };
		97989F7E1F21F4CC00F81EDD /* AppStoreFlowLayout.m */ = {isa = PBXFileReference; lastKnownFileType = sourcecode.c.objc; path = AppStoreFlowLayout.m; sourceTree = "<group>"; };
		97989F801F21FBCA00F81EDD /* AppStoreLayoutAttributes.h */ = {isa = PBXFileReference; lastKnownFileType = sourcecode.c.h; path = AppStoreLayoutAttributes.h; sourceTree = "<group>"; };
		97989F811F21FBCA00F81EDD /* AppStoreLayoutAttributes.m */ = {isa = PBXFileReference; lastKnownFileType = sourcecode.c.objc; path = AppStoreLayoutAttributes.m; sourceTree = "<group>"; };
		97989F831F259B5800F81EDD /* FirstCell.h */ = {isa = PBXFileReference; lastKnownFileType = sourcecode.c.h; path = FirstCell.h; sourceTree = "<group>"; };
		97989F841F259B5800F81EDD /* FirstCell.m */ = {isa = PBXFileReference; lastKnownFileType = sourcecode.c.objc; path = FirstCell.m; sourceTree = "<group>"; };
		97989F851F259B5800F81EDD /* FirstCell.xib */ = {isa = PBXFileReference; lastKnownFileType = file.xib; path = FirstCell.xib; sourceTree = "<group>"; };
		97989F8D1F270C0D00F81EDD /* ViewController.h */ = {isa = PBXFileReference; lastKnownFileType = sourcecode.c.h; path = ViewController.h; sourceTree = "<group>"; };
		97989F8E1F270C0D00F81EDD /* ViewController.m */ = {isa = PBXFileReference; lastKnownFileType = sourcecode.c.objc; path = ViewController.m; sourceTree = "<group>"; };
		97989F901F272A7200F81EDD /* SecondCell.h */ = {isa = PBXFileReference; lastKnownFileType = sourcecode.c.h; path = SecondCell.h; sourceTree = "<group>"; };
		97989F911F272A7200F81EDD /* SecondCell.m */ = {isa = PBXFileReference; lastKnownFileType = sourcecode.c.objc; path = SecondCell.m; sourceTree = "<group>"; };
		97989F921F272A7200F81EDD /* SecondCell.xib */ = {isa = PBXFileReference; lastKnownFileType = file.xib; path = SecondCell.xib; sourceTree = "<group>"; };
		97989F951F27309B00F81EDD /* SecondController.h */ = {isa = PBXFileReference; lastKnownFileType = sourcecode.c.h; path = SecondController.h; sourceTree = "<group>"; };
		97989F961F27309B00F81EDD /* SecondController.m */ = {isa = PBXFileReference; lastKnownFileType = sourcecode.c.objc; path = SecondController.m; sourceTree = "<group>"; };
		97989F9B1F27382D00F81EDD /* FirstController.h */ = {isa = PBXFileReference; lastKnownFileType = sourcecode.c.h; path = FirstController.h; sourceTree = "<group>"; };
		97989F9C1F27382D00F81EDD /* FirstController.m */ = {isa = PBXFileReference; lastKnownFileType = sourcecode.c.objc; path = FirstController.m; sourceTree = "<group>"; };
		97989F9E1F277B0400F81EDD /* ThirdController.h */ = {isa = PBXFileReference; lastKnownFileType = sourcecode.c.h; path = ThirdController.h; sourceTree = "<group>"; };
		97989F9F1F277B0400F81EDD /* ThirdController.m */ = {isa = PBXFileReference; lastKnownFileType = sourcecode.c.objc; path = ThirdController.m; sourceTree = "<group>"; };
		97989FA11F277B3500F81EDD /* ThirdCell.h */ = {isa = PBXFileReference; lastKnownFileType = sourcecode.c.h; path = ThirdCell.h; sourceTree = "<group>"; };
		97989FA21F277B3500F81EDD /* ThirdCell.m */ = {isa = PBXFileReference; lastKnownFileType = sourcecode.c.objc; path = ThirdCell.m; sourceTree = "<group>"; };
		97989FA31F277B3500F81EDD /* ThirdCell.xib */ = {isa = PBXFileReference; lastKnownFileType = file.xib; path = ThirdCell.xib; sourceTree = "<group>"; };
		97989FA61F277B5900F81EDD /* FourthCell.h */ = {isa = PBXFileReference; lastKnownFileType = sourcecode.c.h; path = FourthCell.h; sourceTree = "<group>"; };
		97989FA71F277B5900F81EDD /* FourthCell.m */ = {isa = PBXFileReference; lastKnownFileType = sourcecode.c.objc; path = FourthCell.m; sourceTree = "<group>"; };
		97989FA81F277B5900F81EDD /* FourthCell.xib */ = {isa = PBXFileReference; lastKnownFileType = file.xib; path = FourthCell.xib; sourceTree = "<group>"; };
		97EF70281F2190740099AC93 /* LearnCollectionView.app */ = {isa = PBXFileReference; explicitFileType = wrapper.application; includeInIndex = 0; path = LearnCollectionView.app; sourceTree = BUILT_PRODUCTS_DIR; };
		97EF702B1F2190740099AC93 /* AppDelegate.h */ = {isa = PBXFileReference; lastKnownFileType = sourcecode.c.h; path = AppDelegate.h; sourceTree = "<group>"; };
		97EF702C1F2190740099AC93 /* AppDelegate.m */ = {isa = PBXFileReference; lastKnownFileType = sourcecode.c.objc; path = AppDelegate.m; sourceTree = "<group>"; };
		97EF70351F2190740099AC93 /* Base */ = {isa = PBXFileReference; lastKnownFileType = file.storyboard; name = Base; path = Base.lproj/Main.storyboard; sourceTree = "<group>"; };
		97EF70371F2190740099AC93 /* Assets.xcassets */ = {isa = PBXFileReference; lastKnownFileType = folder.assetcatalog; path = Assets.xcassets; sourceTree = "<group>"; };
		97EF703A1F2190740099AC93 /* Base */ = {isa = PBXFileReference; lastKnownFileType = file.storyboard; name = Base; path = Base.lproj/LaunchScreen.storyboard; sourceTree = "<group>"; };
		97EF703C1F2190740099AC93 /* Info.plist */ = {isa = PBXFileReference; lastKnownFileType = text.plist.xml; path = Info.plist; sourceTree = "<group>"; };
		97EF703D1F2190740099AC93 /* main.m */ = {isa = PBXFileReference; lastKnownFileType = sourcecode.c.objc; path = main.m; sourceTree = "<group>"; };
		97EF70431F2190740099AC93 /* LearnCollectionViewTests.xctest */ = {isa = PBXFileReference; explicitFileType = wrapper.cfbundle; includeInIndex = 0; path = LearnCollectionViewTests.xctest; sourceTree = BUILT_PRODUCTS_DIR; };
		97EF70471F2190740099AC93 /* LearnCollectionViewTests.m */ = {isa = PBXFileReference; lastKnownFileType = sourcecode.c.objc; path = LearnCollectionViewTests.m; sourceTree = "<group>"; };
		97EF70491F2190740099AC93 /* Info.plist */ = {isa = PBXFileReference; lastKnownFileType = text.plist.xml; path = Info.plist; sourceTree = "<group>"; };
		97EF704E1F2190740099AC93 /* LearnCollectionViewUITests.xctest */ = {isa = PBXFileReference; explicitFileType = wrapper.cfbundle; includeInIndex = 0; path = LearnCollectionViewUITests.xctest; sourceTree = BUILT_PRODUCTS_DIR; };
		97EF70521F2190740099AC93 /* LearnCollectionViewUITests.m */ = {isa = PBXFileReference; lastKnownFileType = sourcecode.c.objc; path = LearnCollectionViewUITests.m; sourceTree = "<group>"; };
		97EF70541F2190740099AC93 /* Info.plist */ = {isa = PBXFileReference; lastKnownFileType = text.plist.xml; path = Info.plist; sourceTree = "<group>"; };
/* End PBXFileReference section */

/* Begin PBXFrameworksBuildPhase section */
		97EF70251F2190740099AC93 /* Frameworks */ = {
			isa = PBXFrameworksBuildPhase;
			buildActionMask = 2147483647;
			files = (
			);
			runOnlyForDeploymentPostprocessing = 0;
		};
		97EF70401F2190740099AC93 /* Frameworks */ = {
			isa = PBXFrameworksBuildPhase;
			buildActionMask = 2147483647;
			files = (
			);
			runOnlyForDeploymentPostprocessing = 0;
		};
		97EF704B1F2190740099AC93 /* Frameworks */ = {
			isa = PBXFrameworksBuildPhase;
			buildActionMask = 2147483647;
			files = (
			);
			runOnlyForDeploymentPostprocessing = 0;
		};
/* End PBXFrameworksBuildPhase section */

/* Begin PBXGroup section */
		97EF701F1F2190730099AC93 = {
			isa = PBXGroup;
			children = (
				97EF702A1F2190740099AC93 /* LearnCollectionView */,
				97EF70461F2190740099AC93 /* LearnCollectionViewTests */,
				97EF70511F2190740099AC93 /* LearnCollectionViewUITests */,
				97EF70291F2190740099AC93 /* Products */,
			);
			sourceTree = "<group>";
		};
		97EF70291F2190740099AC93 /* Products */ = {
			isa = PBXGroup;
			children = (
				97EF70281F2190740099AC93 /* LearnCollectionView.app */,
				97EF70431F2190740099AC93 /* LearnCollectionViewTests.xctest */,
				97EF704E1F2190740099AC93 /* LearnCollectionViewUITests.xctest */,
			);
			name = Products;
			sourceTree = "<group>";
		};
		97EF702A1F2190740099AC93 /* LearnCollectionView */ = {
			isa = PBXGroup;
			children = (
				97EF702B1F2190740099AC93 /* AppDelegate.h */,
				97EF702C1F2190740099AC93 /* AppDelegate.m */,
				97989F8D1F270C0D00F81EDD /* ViewController.h */,
				97989F8E1F270C0D00F81EDD /* ViewController.m */,
				97989F741F21920900F81EDD /* AppStoreController.h */,
				97989F751F21920900F81EDD /* AppStoreController.m */,
				97989F9B1F27382D00F81EDD /* FirstController.h */,
				97989F9C1F27382D00F81EDD /* FirstController.m */,
				97989F951F27309B00F81EDD /* SecondController.h */,
				97989F961F27309B00F81EDD /* SecondController.m */,
				97989F9E1F277B0400F81EDD /* ThirdController.h */,
				97989F9F1F277B0400F81EDD /* ThirdController.m */,
				978064711F28234600AE0ABC /* FourthController.h */,
				978064721F28234600AE0ABC /* FourthController.m */,
				97989F831F259B5800F81EDD /* FirstCell.h */,
				97989F841F259B5800F81EDD /* FirstCell.m */,
				97989F851F259B5800F81EDD /* FirstCell.xib */,
				97989F901F272A7200F81EDD /* SecondCell.h */,
				97989F911F272A7200F81EDD /* SecondCell.m */,
				97989F921F272A7200F81EDD /* SecondCell.xib */,
				97989FA11F277B3500F81EDD /* ThirdCell.h */,
				97989FA21F277B3500F81EDD /* ThirdCell.m */,
				97989FA31F277B3500F81EDD /* ThirdCell.xib */,
				97989FA61F277B5900F81EDD /* FourthCell.h */,
				97989FA71F277B5900F81EDD /* FourthCell.m */,
				97989FA81F277B5900F81EDD /* FourthCell.xib */,
				97989F7D1F21F4CC00F81EDD /* AppStoreFlowLayout.h */,
				97989F7E1F21F4CC00F81EDD /* AppStoreFlowLayout.m */,
				97989F801F21FBCA00F81EDD /* AppStoreLayoutAttributes.h */,
				97989F811F21FBCA00F81EDD /* AppStoreLayoutAttributes.m */,
				97EF70341F2190740099AC93 /* Main.storyboard */,
				97EF70371F2190740099AC93 /* Assets.xcassets */,
				97EF70391F2190740099AC93 /* LaunchScreen.storyboard */,
				97EF703C1F2190740099AC93 /* Info.plist */,
				97EF703D1F2190740099AC93 /* main.m */,
			);
			path = LearnCollectionView;
			sourceTree = "<group>";
		};
		97EF70461F2190740099AC93 /* LearnCollectionViewTests */ = {
			isa = PBXGroup;
			children = (
				97EF70471F2190740099AC93 /* LearnCollectionViewTests.m */,
				97EF70491F2190740099AC93 /* Info.plist */,
			);
			path = LearnCollectionViewTests;
			sourceTree = "<group>";
		};
		97EF70511F2190740099AC93 /* LearnCollectionViewUITests */ = {
			isa = PBXGroup;
			children = (
				97EF70521F2190740099AC93 /* LearnCollectionViewUITests.m */,
				97EF70541F2190740099AC93 /* Info.plist */,
			);
			path = LearnCollectionViewUITests;
			sourceTree = "<group>";
		};
/* End PBXGroup section */

/* Begin PBXNativeTarget section */
		97EF70271F2190740099AC93 /* LearnCollectionView */ = {
			isa = PBXNativeTarget;
			buildConfigurationList = 97EF70571F2190740099AC93 /* Build configuration list for PBXNativeTarget "LearnCollectionView" */;
			buildPhases = (
				97EF70241F2190740099AC93 /* Sources */,
				97EF70251F2190740099AC93 /* Frameworks */,
				97EF70261F2190740099AC93 /* Resources */,
			);
			buildRules = (
			);
			dependencies = (
			);
			name = LearnCollectionView;
			productName = LearnCollectionView;
			productReference = 97EF70281F2190740099AC93 /* LearnCollectionView.app */;
			productType = "com.apple.product-type.application";
		};
		97EF70421F2190740099AC93 /* LearnCollectionViewTests */ = {
			isa = PBXNativeTarget;
			buildConfigurationList = 97EF705A1F2190740099AC93 /* Build configuration list for PBXNativeTarget "LearnCollectionViewTests" */;
			buildPhases = (
				97EF703F1F2190740099AC93 /* Sources */,
				97EF70401F2190740099AC93 /* Frameworks */,
				97EF70411F2190740099AC93 /* Resources */,
			);
			buildRules = (
			);
			dependencies = (
				97EF70451F2190740099AC93 /* PBXTargetDependency */,
			);
			name = LearnCollectionViewTests;
			productName = LearnCollectionViewTests;
			productReference = 97EF70431F2190740099AC93 /* LearnCollectionViewTests.xctest */;
			productType = "com.apple.product-type.bundle.unit-test";
		};
		97EF704D1F2190740099AC93 /* LearnCollectionViewUITests */ = {
			isa = PBXNativeTarget;
			buildConfigurationList = 97EF705D1F2190740099AC93 /* Build configuration list for PBXNativeTarget "LearnCollectionViewUITests" */;
			buildPhases = (
				97EF704A1F2190740099AC93 /* Sources */,
				97EF704B1F2190740099AC93 /* Frameworks */,
				97EF704C1F2190740099AC93 /* Resources */,
			);
			buildRules = (
			);
			dependencies = (
				97EF70501F2190740099AC93 /* PBXTargetDependency */,
			);
			name = LearnCollectionViewUITests;
			productName = LearnCollectionViewUITests;
			productReference = 97EF704E1F2190740099AC93 /* LearnCollectionViewUITests.xctest */;
			productType = "com.apple.product-type.bundle.ui-testing";
		};
/* End PBXNativeTarget section */

/* Begin PBXProject section */
		97EF70201F2190730099AC93 /* Project object */ = {
			isa = PBXProject;
			attributes = {
				LastUpgradeCheck = 0900;
				ORGANIZATIONNAME = "幸福钱庄";
				TargetAttributes = {
					97EF70271F2190740099AC93 = {
						CreatedOnToolsVersion = 9.0;
					};
					97EF70421F2190740099AC93 = {
						CreatedOnToolsVersion = 9.0;
						TestTargetID = 97EF70271F2190740099AC93;
					};
					97EF704D1F2190740099AC93 = {
						CreatedOnToolsVersion = 9.0;
						TestTargetID = 97EF70271F2190740099AC93;
					};
				};
			};
			buildConfigurationList = 97EF70231F2190730099AC93 /* Build configuration list for PBXProject "LearnCollectionView" */;
			compatibilityVersion = "Xcode 8.0";
			developmentRegion = en;
			hasScannedForEncodings = 0;
			knownRegions = (
				en,
				Base,
			);
			mainGroup = 97EF701F1F2190730099AC93;
			productRefGroup = 97EF70291F2190740099AC93 /* Products */;
			projectDirPath = "";
			projectRoot = "";
			targets = (
				97EF70271F2190740099AC93 /* LearnCollectionView */,
				97EF70421F2190740099AC93 /* LearnCollectionViewTests */,
				97EF704D1F2190740099AC93 /* LearnCollectionViewUITests */,
			);
		};
/* End PBXProject section */

/* Begin PBXResourcesBuildPhase section */
		97EF70261F2190740099AC93 /* Resources */ = {
			isa = PBXResourcesBuildPhase;
			buildActionMask = 2147483647;
			files = (
				97989F941F272A7200F81EDD /* SecondCell.xib in Resources */,
				97EF703B1F2190740099AC93 /* LaunchScreen.storyboard in Resources */,
				97EF70381F2190740099AC93 /* Assets.xcassets in Resources */,
				97989FAA1F277B5900F81EDD /* FourthCell.xib in Resources */,
				97989FA51F277B3500F81EDD /* ThirdCell.xib in Resources */,
				97989F871F259B5800F81EDD /* FirstCell.xib in Resources */,
				97EF70361F2190740099AC93 /* Main.storyboard in Resources */,
			);
			runOnlyForDeploymentPostprocessing = 0;
		};
		97EF70411F2190740099AC93 /* Resources */ = {
			isa = PBXResourcesBuildPhase;
			buildActionMask = 2147483647;
			files = (
			);
			runOnlyForDeploymentPostprocessing = 0;
		};
		97EF704C1F2190740099AC93 /* Resources */ = {
			isa = PBXResourcesBuildPhase;
			buildActionMask = 2147483647;
			files = (
			);
			runOnlyForDeploymentPostprocessing = 0;
		};
/* End PBXResourcesBuildPhase section */

/* Begin PBXSourcesBuildPhase section */
		97EF70241F2190740099AC93 /* Sources */ = {
			isa = PBXSourcesBuildPhase;
			buildActionMask = 2147483647;
			files = (
				97989F9D1F27382D00F81EDD /* FirstController.m in Sources */,
				97989FA41F277B3500F81EDD /* ThirdCell.m in Sources */,
				97989F8F1F270C0D00F81EDD /* ViewController.m in Sources */,
				97989F821F21FBCA00F81EDD /* AppStoreLayoutAttributes.m in Sources */,
				97989FA01F277B0400F81EDD /* ThirdController.m in Sources */,
				978064741F28234600AE0ABC /* FourthController.m in Sources */,
				97EF702D1F2190740099AC93 /* AppDelegate.m in Sources */,
				97989F971F27309B00F81EDD /* SecondController.m in Sources */,
				97989F931F272A7200F81EDD /* SecondCell.m in Sources */,
				97989FA91F277B5900F81EDD /* FourthCell.m in Sources */,
				97989F861F259B5800F81EDD /* FirstCell.m in Sources */,
				97989F761F21920900F81EDD /* AppStoreController.m in Sources */,
				97EF703E1F2190740099AC93 /* main.m in Sources */,
				97989F7F1F21F4CC00F81EDD /* AppStoreFlowLayout.m in Sources */,
			);
			runOnlyForDeploymentPostprocessing = 0;
		};
		97EF703F1F2190740099AC93 /* Sources */ = {
			isa = PBXSourcesBuildPhase;
			buildActionMask = 2147483647;
			files = (
				97EF70481F2190740099AC93 /* LearnCollectionViewTests.m in Sources */,
			);
			runOnlyForDeploymentPostprocessing = 0;
		};
		97EF704A1F2190740099AC93 /* Sources */ = {
			isa = PBXSourcesBuildPhase;
			buildActionMask = 2147483647;
			files = (
				97EF70531F2190740099AC93 /* LearnCollectionViewUITests.m in Sources */,
			);
			runOnlyForDeploymentPostprocessing = 0;
		};
/* End PBXSourcesBuildPhase section */

/* Begin PBXTargetDependency section */
		97EF70451F2190740099AC93 /* PBXTargetDependency */ = {
			isa = PBXTargetDependency;
			target = 97EF70271F2190740099AC93 /* LearnCollectionView */;
			targetProxy = 97EF70441F2190740099AC93 /* PBXContainerItemProxy */;
		};
		97EF70501F2190740099AC93 /* PBXTargetDependency */ = {
			isa = PBXTargetDependency;
			target = 97EF70271F2190740099AC93 /* LearnCollectionView */;
			targetProxy = 97EF704F1F2190740099AC93 /* PBXContainerItemProxy */;
		};
/* End PBXTargetDependency section */

/* Begin PBXVariantGroup section */
		97EF70341F2190740099AC93 /* Main.storyboard */ = {
			isa = PBXVariantGroup;
			children = (
				97EF70351F2190740099AC93 /* Base */,
			);
			name = Main.storyboard;
			sourceTree = "<group>";
		};
		97EF70391F2190740099AC93 /* LaunchScreen.storyboard */ = {
			isa = PBXVariantGroup;
			children = (
				97EF703A1F2190740099AC93 /* Base */,
			);
			name = LaunchScreen.storyboard;
			sourceTree = "<group>";
		};
/* End PBXVariantGroup section */

/* Begin XCBuildConfiguration section */
		97EF70551F2190740099AC93 /* Debug */ = {
			isa = XCBuildConfiguration;
			buildSettings = {
				ALWAYS_SEARCH_USER_PATHS = NO;
				CLANG_ANALYZER_NONNULL = YES;
				CLANG_ANALYZER_NUMBER_OBJECT_CONVERSION = YES_AGGRESSIVE;
				CLANG_CXX_LANGUAGE_STANDARD = "gnu++14";
				CLANG_CXX_LIBRARY = "libc++";
				CLANG_ENABLE_MODULES = YES;
				CLANG_ENABLE_OBJC_ARC = YES;
				CLANG_WARN_BLOCK_CAPTURE_AUTORELEASING = YES;
				CLANG_WARN_BOOL_CONVERSION = YES;
				CLANG_WARN_COMMA = YES;
				CLANG_WARN_CONSTANT_CONVERSION = YES;
				CLANG_WARN_DIRECT_OBJC_ISA_USAGE = YES_ERROR;
				CLANG_WARN_DOCUMENTATION_COMMENTS = YES;
				CLANG_WARN_EMPTY_BODY = YES;
				CLANG_WARN_ENUM_CONVERSION = YES;
				CLANG_WARN_INFINITE_RECURSION = YES;
				CLANG_WARN_INT_CONVERSION = YES;
				CLANG_WARN_NON_LITERAL_NULL_CONVERSION = YES;
				CLANG_WARN_OBJC_LITERAL_CONVERSION = YES;
				CLANG_WARN_OBJC_ROOT_CLASS = YES_ERROR;
				CLANG_WARN_RANGE_LOOP_ANALYSIS = YES;
				CLANG_WARN_STRICT_PROTOTYPES = YES;
				CLANG_WARN_SUSPICIOUS_MOVE = YES;
				CLANG_WARN_UNGUARDED_AVAILABILITY = YES_AGGRESSIVE;
				CLANG_WARN_UNREACHABLE_CODE = YES;
				CLANG_WARN__DUPLICATE_METHOD_MATCH = YES;
				CODE_SIGN_IDENTITY = "iPhone Developer";
				COPY_PHASE_STRIP = NO;
				DEBUG_INFORMATION_FORMAT = dwarf;
				ENABLE_STRICT_OBJC_MSGSEND = YES;
				ENABLE_TESTABILITY = YES;
				GCC_C_LANGUAGE_STANDARD = gnu11;
				GCC_DYNAMIC_NO_PIC = NO;
				GCC_NO_COMMON_BLOCKS = YES;
				GCC_OPTIMIZATION_LEVEL = 0;
				GCC_PREPROCESSOR_DEFINITIONS = (
					"DEBUG=1",
					"$(inherited)",
				);
				GCC_WARN_64_TO_32_BIT_CONVERSION = YES;
				GCC_WARN_ABOUT_RETURN_TYPE = YES_ERROR;
				GCC_WARN_UNDECLARED_SELECTOR = YES;
				GCC_WARN_UNINITIALIZED_AUTOS = YES_AGGRESSIVE;
				GCC_WARN_UNUSED_FUNCTION = YES;
				GCC_WARN_UNUSED_VARIABLE = YES;
				IPHONEOS_DEPLOYMENT_TARGET = 11.0;
				MTL_ENABLE_DEBUG_INFO = YES;
				ONLY_ACTIVE_ARCH = YES;
				SDKROOT = iphoneos;
			};
			name = Debug;
		};
		97EF70561F2190740099AC93 /* Release */ = {
			isa = XCBuildConfiguration;
			buildSettings = {
				ALWAYS_SEARCH_USER_PATHS = NO;
				CLANG_ANALYZER_NONNULL = YES;
				CLANG_ANALYZER_NUMBER_OBJECT_CONVERSION = YES_AGGRESSIVE;
				CLANG_CXX_LANGUAGE_STANDARD = "gnu++14";
				CLANG_CXX_LIBRARY = "libc++";
				CLANG_ENABLE_MODULES = YES;
				CLANG_ENABLE_OBJC_ARC = YES;
				CLANG_WARN_BLOCK_CAPTURE_AUTORELEASING = YES;
				CLANG_WARN_BOOL_CONVERSION = YES;
				CLANG_WARN_COMMA = YES;
				CLANG_WARN_CONSTANT_CONVERSION = YES;
				CLANG_WARN_DIRECT_OBJC_ISA_USAGE = YES_ERROR;
				CLANG_WARN_DOCUMENTATION_COMMENTS = YES;
				CLANG_WARN_EMPTY_BODY = YES;
				CLANG_WARN_ENUM_CONVERSION = YES;
				CLANG_WARN_INFINITE_RECURSION = YES;
				CLANG_WARN_INT_CONVERSION = YES;
				CLANG_WARN_NON_LITERAL_NULL_CONVERSION = YES;
				CLANG_WARN_OBJC_LITERAL_CONVERSION = YES;
				CLANG_WARN_OBJC_ROOT_CLASS = YES_ERROR;
				CLANG_WARN_RANGE_LOOP_ANALYSIS = YES;
				CLANG_WARN_STRICT_PROTOTYPES = YES;
				CLANG_WARN_SUSPICIOUS_MOVE = YES;
				CLANG_WARN_UNGUARDED_AVAILABILITY = YES_AGGRESSIVE;
				CLANG_WARN_UNREACHABLE_CODE = YES;
				CLANG_WARN__DUPLICATE_METHOD_MATCH = YES;
				CODE_SIGN_IDENTITY = "iPhone Developer";
				COPY_PHASE_STRIP = NO;
				DEBUG_INFORMATION_FORMAT = "dwarf-with-dsym";
				ENABLE_NS_ASSERTIONS = NO;
				ENABLE_STRICT_OBJC_MSGSEND = YES;
				GCC_C_LANGUAGE_STANDARD = gnu11;
				GCC_NO_COMMON_BLOCKS = YES;
				GCC_WARN_64_TO_32_BIT_CONVERSION = YES;
				GCC_WARN_ABOUT_RETURN_TYPE = YES_ERROR;
				GCC_WARN_UNDECLARED_SELECTOR = YES;
				GCC_WARN_UNINITIALIZED_AUTOS = YES_AGGRESSIVE;
				GCC_WARN_UNUSED_FUNCTION = YES;
				GCC_WARN_UNUSED_VARIABLE = YES;
				IPHONEOS_DEPLOYMENT_TARGET = 11.0;
				MTL_ENABLE_DEBUG_INFO = NO;
				SDKROOT = iphoneos;
				VALIDATE_PRODUCT = YES;
			};
			name = Release;
		};
		97EF70581F2190740099AC93 /* Debug */ = {
			isa = XCBuildConfiguration;
			buildSettings = {
				ASSETCATALOG_COMPILER_APPICON_NAME = AppIcon;
				DEVELOPMENT_TEAM = 863952Q9B2;
				INFOPLIST_FILE = LearnCollectionView/Info.plist;
				IPHONEOS_DEPLOYMENT_TARGET = 10.3;
				LD_RUNPATH_SEARCH_PATHS = "$(inherited) @executable_path/Frameworks";
				PRODUCT_BUNDLE_IDENTIFIER = com.ylq.Learn;
				PRODUCT_NAME = "$(TARGET_NAME)";
				TARGETED_DEVICE_FAMILY = "1,2";
			};
			name = Debug;
		};
		97EF70591F2190740099AC93 /* Release */ = {
			isa = XCBuildConfiguration;
			buildSettings = {
				ASSETCATALOG_COMPILER_APPICON_NAME = AppIcon;
				DEVELOPMENT_TEAM = 863952Q9B2;
				INFOPLIST_FILE = LearnCollectionView/Info.plist;
				IPHONEOS_DEPLOYMENT_TARGET = 10.3;
				LD_RUNPATH_SEARCH_PATHS = "$(inherited) @executable_path/Frameworks";
				PRODUCT_BUNDLE_IDENTIFIER = com.ylq.Learn;
				PRODUCT_NAME = "$(TARGET_NAME)";
				TARGETED_DEVICE_FAMILY = "1,2";
			};
			name = Release;
		};
		97EF705B1F2190740099AC93 /* Debug */ = {
			isa = XCBuildConfiguration;
			buildSettings = {
				BUNDLE_LOADER = "$(TEST_HOST)";
				DEVELOPMENT_TEAM = 863952Q9B2;
				INFOPLIST_FILE = LearnCollectionViewTests/Info.plist;
				LD_RUNPATH_SEARCH_PATHS = "$(inherited) @executable_path/Frameworks @loader_path/Frameworks";
				PRODUCT_BUNDLE_IDENTIFIER = com.slfinance.LearnCollectionViewTests;
				PRODUCT_NAME = "$(TARGET_NAME)";
				TARGETED_DEVICE_FAMILY = "1,2";
				TEST_HOST = "$(BUILT_PRODUCTS_DIR)/LearnCollectionView.app/LearnCollectionView";
			};
			name = Debug;
		};
		97EF705C1F2190740099AC93 /* Release */ = {
			isa = XCBuildConfiguration;
			buildSettings = {
				BUNDLE_LOADER = "$(TEST_HOST)";
				DEVELOPMENT_TEAM = 863952Q9B2;
				INFOPLIST_FILE = LearnCollectionViewTests/Info.plist;
				LD_RUNPATH_SEARCH_PATHS = "$(inherited) @executable_path/Frameworks @loader_path/Frameworks";
				PRODUCT_BUNDLE_IDENTIFIER = com.slfinance.LearnCollectionViewTests;
				PRODUCT_NAME = "$(TARGET_NAME)";
				TARGETED_DEVICE_FAMILY = "1,2";
				TEST_HOST = "$(BUILT_PRODUCTS_DIR)/LearnCollectionView.app/LearnCollectionView";
			};
			name = Release;
		};
		97EF705E1F2190740099AC93 /* Debug */ = {
			isa = XCBuildConfiguration;
			buildSettings = {
				DEVELOPMENT_TEAM = 863952Q9B2;
				INFOPLIST_FILE = LearnCollectionViewUITests/Info.plist;
				LD_RUNPATH_SEARCH_PATHS = "$(inherited) @executable_path/Frameworks @loader_path/Frameworks";
				PRODUCT_BUNDLE_IDENTIFIER = com.slfinance.LearnCollectionViewUITests;
				PRODUCT_NAME = "$(TARGET_NAME)";
				TARGETED_DEVICE_FAMILY = "1,2";
				TEST_TARGET_NAME = LearnCollectionView;
			};
			name = Debug;
		};
		97EF705F1F2190740099AC93 /* Release */ = {
			isa = XCBuildConfiguration;
			buildSettings = {
				DEVELOPMENT_TEAM = 863952Q9B2;
				INFOPLIST_FILE = LearnCollectionViewUITests/Info.plist;
				LD_RUNPATH_SEARCH_PATHS = "$(inherited) @executable_path/Frameworks @loader_path/Frameworks";
				PRODUCT_BUNDLE_IDENTIFIER = com.slfinance.LearnCollectionViewUITests;
				PRODUCT_NAME = "$(TARGET_NAME)";
				TARGETED_DEVICE_FAMILY = "1,2";
				TEST_TARGET_NAME = LearnCollectionView;
			};
			name = Release;
		};
/* End XCBuildConfiguration section */

/* Begin XCConfigurationList section */
		97EF70231F2190730099AC93 /* Build configuration list for PBXProject "LearnCollectionView" */ = {
			isa = XCConfigurationList;
			buildConfigurations = (
				97EF70551F2190740099AC93 /* Debug */,
				97EF70561F2190740099AC93 /* Release */,
			);
			defaultConfigurationIsVisible = 0;
			defaultConfigurationName = Release;
		};
		97EF70571F2190740099AC93 /* Build configuration list for PBXNativeTarget "LearnCollectionView" */ = {
			isa = XCConfigurationList;
			buildConfigurations = (
				97EF70581F2190740099AC93 /* Debug */,
				97EF70591F2190740099AC93 /* Release */,
			);
			defaultConfigurationIsVisible = 0;
			defaultConfigurationName = Release;
		};
		97EF705A1F2190740099AC93 /* Build configuration list for PBXNativeTarget "LearnCollectionViewTests" */ = {
			isa = XCConfigurationList;
			buildConfigurations = (
				97EF705B1F2190740099AC93 /* Debug */,
				97EF705C1F2190740099AC93 /* Release */,
			);
			defaultConfigurationIsVisible = 0;
			defaultConfigurationName = Release;
		};
		97EF705D1F2190740099AC93 /* Build configuration list for PBXNativeTarget "LearnCollectionViewUITests" */ = {
			isa = XCConfigurationList;
			buildConfigurations = (
				97EF705E1F2190740099AC93 /* Debug */,
				97EF705F1F2190740099AC93 /* Release */,
			);
			defaultConfigurationIsVisible = 0;
			defaultConfigurationName = Release;
		};
/* End XCConfigurationList section */
	};
	rootObject = 97EF70201F2190730099AC93 /* Project object */;
}
